// !$*UTF8*$!
{
	archiveVersion = 1;
	classes = {
	};
	objectVersion = 48;
	objects = {

/* Begin PBXBuildFile section */
		54B11A621FAB6BC9004E1EAF /* AppDelegate.swift in Sources */ = {isa = PBXBuildFile; fileRef = 54B11A611FAB6BC9004E1EAF /* AppDelegate.swift */; };
		54B11A671FAB6BC9004E1EAF /* Main.storyboard in Resources */ = {isa = PBXBuildFile; fileRef = 54B11A651FAB6BC9004E1EAF /* Main.storyboard */; };
		54B11A691FAB6BC9004E1EAF /* Assets.xcassets in Resources */ = {isa = PBXBuildFile; fileRef = 54B11A681FAB6BC9004E1EAF /* Assets.xcassets */; };
		54B11A6C1FAB6BC9004E1EAF /* LaunchScreen.storyboard in Resources */ = {isa = PBXBuildFile; fileRef = 54B11A6A1FAB6BC9004E1EAF /* LaunchScreen.storyboard */; };
		54B11A741FAB6C2B004E1EAF /* PoloniousMonologueModel.swift in Sources */ = {isa = PBXBuildFile; fileRef = 54B11A731FAB6C2B004E1EAF /* PoloniousMonologueModel.swift */; };
		54B11A761FAB6C5F004E1EAF /* RAndJModel.swift in Sources */ = {isa = PBXBuildFile; fileRef = 54B11A751FAB6C5F004E1EAF /* RAndJModel.swift */; };
		54B11A7A1FAB6CF4004E1EAF /* PoloniousViewController.swift in Sources */ = {isa = PBXBuildFile; fileRef = 54B11A791FAB6CF4004E1EAF /* PoloniousViewController.swift */; };
		54B11A7C1FAB6D04004E1EAF /* RAndJViewController.swift in Sources */ = {isa = PBXBuildFile; fileRef = 54B11A7B1FAB6D04004E1EAF /* RAndJViewController.swift */; };
/* End PBXBuildFile section */

/* Begin PBXFileReference section */
		54B11A5E1FAB6BC9004E1EAF /* MidUnit2AssessmentReview-withMultipleMVC.app */ = {isa = PBXFileReference; explicitFileType = wrapper.application; includeInIndex = 0; path = "MidUnit2AssessmentReview-withMultipleMVC.app"; sourceTree = BUILT_PRODUCTS_DIR; };
		54B11A611FAB6BC9004E1EAF /* AppDelegate.swift */ = {isa = PBXFileReference; lastKnownFileType = sourcecode.swift; path = AppDelegate.swift; sourceTree = "<group>"; };
		54B11A661FAB6BC9004E1EAF /* Base */ = {isa = PBXFileReference; lastKnownFileType = file.storyboard; name = Base; path = Base.lproj/Main.storyboard; sourceTree = "<group>"; };
		54B11A681FAB6BC9004E1EAF /* Assets.xcassets */ = {isa = PBXFileReference; lastKnownFileType = folder.assetcatalog; path = Assets.xcassets; sourceTree = "<group>"; };
		54B11A6B1FAB6BC9004E1EAF /* Base */ = {isa = PBXFileReference; lastKnownFileType = file.storyboard; name = Base; path = Base.lproj/LaunchScreen.storyboard; sourceTree = "<group>"; };
		54B11A6D1FAB6BC9004E1EAF /* Info.plist */ = {isa = PBXFileReference; lastKnownFileType = text.plist.xml; path = Info.plist; sourceTree = "<group>"; };
		54B11A731FAB6C2B004E1EAF /* PoloniousMonologueModel.swift */ = {isa = PBXFileReference; lastKnownFileType = sourcecode.swift; path = PoloniousMonologueModel.swift; sourceTree = "<group>"; };
		54B11A751FAB6C5F004E1EAF /* RAndJModel.swift */ = {isa = PBXFileReference; lastKnownFileType = sourcecode.swift; path = RAndJModel.swift; sourceTree = "<group>"; };
		54B11A791FAB6CF4004E1EAF /* PoloniousViewController.swift */ = {isa = PBXFileReference; lastKnownFileType = sourcecode.swift; path = PoloniousViewController.swift; sourceTree = "<group>"; };
		54B11A7B1FAB6D04004E1EAF /* RAndJViewController.swift */ = {isa = PBXFileReference; lastKnownFileType = sourcecode.swift; path = RAndJViewController.swift; sourceTree = "<group>"; };
/* End PBXFileReference section */

/* Begin PBXFrameworksBuildPhase section */
		54B11A5B1FAB6BC9004E1EAF /* Frameworks */ = {
			isa = PBXFrameworksBuildPhase;
			buildActionMask = 2147483647;
			files = (
			);
			runOnlyForDeploymentPostprocessing = 0;
		};
/* End PBXFrameworksBuildPhase section */

/* Begin PBXGroup section */
		54B11A551FAB6BC9004E1EAF = {
			isa = PBXGroup;
			children = (
				54B11A601FAB6BC9004E1EAF /* MidUnit2AssessmentReview-withMultipleMVC */,
				54B11A5F1FAB6BC9004E1EAF /* Products */,
			);
			sourceTree = "<group>";
		};
		54B11A5F1FAB6BC9004E1EAF /* Products */ = {
			isa = PBXGroup;
			children = (
				54B11A5E1FAB6BC9004E1EAF /* MidUnit2AssessmentReview-withMultipleMVC.app */,
			);
			name = Products;
			sourceTree = "<group>";
		};
		54B11A601FAB6BC9004E1EAF /* MidUnit2AssessmentReview-withMultipleMVC */ = {
			isa = PBXGroup;
			children = (
				54B11A771FAB6C86004E1EAF /* Models */,
				54B11A781FAB6C92004E1EAF /* Supporting Files */,
				54B11A7D1FAB6D09004E1EAF /* View Controllers */,
				54B11A6D1FAB6BC9004E1EAF /* Info.plist */,
				54B11A651FAB6BC9004E1EAF /* Main.storyboard */,
			);
			path = "MidUnit2AssessmentReview-withMultipleMVC";
			sourceTree = "<group>";
		};
		54B11A771FAB6C86004E1EAF /* Models */ = {
			isa = PBXGroup;
			children = (
				54B11A751FAB6C5F004E1EAF /* RAndJModel.swift */,
				54B11A731FAB6C2B004E1EAF /* PoloniousMonologueModel.swift */,
			);
			path = Models;
			sourceTree = "<group>";
		};
		54B11A781FAB6C92004E1EAF /* Supporting Files */ = {
			isa = PBXGroup;
			children = (
				54B11A611FAB6BC9004E1EAF /* AppDelegate.swift */,
				54B11A681FAB6BC9004E1EAF /* Assets.xcassets */,
				54B11A6A1FAB6BC9004E1EAF /* LaunchScreen.storyboard */,
			);
			path = "Supporting Files";
			sourceTree = "<group>";
		};
		54B11A7D1FAB6D09004E1EAF /* View Controllers */ = {
			isa = PBXGroup;
			children = (
				54B11A791FAB6CF4004E1EAF /* PoloniousViewController.swift */,
				54B11A7B1FAB6D04004E1EAF /* RAndJViewController.swift */,
			);
			path = "View Controllers";
			sourceTree = "<group>";
		};
/* End PBXGroup section */

/* Begin PBXNativeTarget section */
		54B11A5D1FAB6BC9004E1EAF /* MidUnit2AssessmentReview-withMultipleMVC */ = {
			isa = PBXNativeTarget;
			buildConfigurationList = 54B11A701FAB6BC9004E1EAF /* Build configuration list for PBXNativeTarget "MidUnit2AssessmentReview-withMultipleMVC" */;
			buildPhases = (
				54B11A5A1FAB6BC9004E1EAF /* Sources */,
				54B11A5B1FAB6BC9004E1EAF /* Frameworks */,
				54B11A5C1FAB6BC9004E1EAF /* Resources */,
			);
			buildRules = (
			);
			dependencies = (
			);
			name = "MidUnit2AssessmentReview-withMultipleMVC";
			productName = "MidUnit2AssessmentReview-withMultipleMVC";
			productReference = 54B11A5E1FAB6BC9004E1EAF /* MidUnit2AssessmentReview-withMultipleMVC.app */;
			productType = "com.apple.product-type.application";
		};
/* End PBXNativeTarget section */

/* Begin PBXProject section */
		54B11A561FAB6BC9004E1EAF /* Project object */ = {
			isa = PBXProject;
			attributes = {
				LastSwiftUpdateCheck = 0900;
				LastUpgradeCheck = 0900;
				ORGANIZATIONNAME = "C4Q ";
				TargetAttributes = {
					54B11A5D1FAB6BC9004E1EAF = {
						CreatedOnToolsVersion = 9.0;
						ProvisioningStyle = Automatic;
					};
				};
			};
			buildConfigurationList = 54B11A591FAB6BC9004E1EAF /* Build configuration list for PBXProject "MidUnit2AssessmentReview-withMultipleMVC" */;
			compatibilityVersion = "Xcode 8.0";
			developmentRegion = en;
			hasScannedForEncodings = 0;
			knownRegions = (
				en,
				Base,
			);
			mainGroup = 54B11A551FAB6BC9004E1EAF;
			productRefGroup = 54B11A5F1FAB6BC9004E1EAF /* Products */;
			projectDirPath = "";
			projectRoot = "";
			targets = (
				54B11A5D1FAB6BC9004E1EAF /* MidUnit2AssessmentReview-withMultipleMVC */,
			);
		};
/* End PBXProject section */

/* Begin PBXResourcesBuildPhase section */
		54B11A5C1FAB6BC9004E1EAF /* Resources */ = {
			isa = PBXResourcesBuildPhase;
			buildActionMask = 2147483647;
			files = (
				54B11A6C1FAB6BC9004E1EAF /* LaunchScreen.storyboard in Resources */,
				54B11A691FAB6BC9004E1EAF /* Assets.xcassets in Resources */,
				54B11A671FAB6BC9004E1EAF /* Main.storyboard in Resources */,
			);
			runOnlyForDeploymentPostprocessing = 0;
		};
/* End PBXResourcesBuildPhase section */

/* Begin PBXSourcesBuildPhase section */
		54B11A5A1FAB6BC9004E1EAF /* Sources */ = {
			isa = PBXSourcesBuildPhase;
			buildActionMask = 2147483647;
			files = (
				54B11A621FAB6BC9004E1EAF /* AppDelegate.swift in Sources */,
				54B11A741FAB6C2B004E1EAF /* PoloniousMonologueModel.swift in Sources */,
				54B11A7C1FAB6D04004E1EAF /* RAndJViewController.swift in Sources */,
				54B11A761FAB6C5F004E1EAF /* RAndJModel.swift in Sources */,
				54B11A7A1FAB6CF4004E1EAF /* PoloniousViewController.swift in Sources */,
			);
			runOnlyForDeploymentPostprocessing = 0;
		};
/* End PBXSourcesBuildPhase section */

/* Begin PBXVariantGroup section */
		54B11A651FAB6BC9004E1EAF /* Main.storyboard */ = {
			isa = PBXVariantGroup;
			children = (
				54B11A661FAB6BC9004E1EAF /* Base */,
			);
			name = Main.storyboard;
			sourceTree = "<group>";
		};
		54B11A6A1FAB6BC9004E1EAF /* LaunchScreen.storyboard */ = {
			isa = PBXVariantGroup;
			children = (
				54B11A6B1FAB6BC9004E1EAF /* Base */,
			);
			name = LaunchScreen.storyboard;
			sourceTree = "<group>";
		};
/* End PBXVariantGroup section */

/* Begin XCBuildConfiguration section */
		54B11A6E1FAB6BC9004E1EAF /* Debug */ = {
			isa = XCBuildConfiguration;
			buildSettings = {
				ALWAYS_SEARCH_USER_PATHS = NO;
				CLANG_ANALYZER_NONNULL = YES;
				CLANG_ANALYZER_NUMBER_OBJECT_CONVERSION = YES_AGGRESSIVE;
				CLANG_CXX_LANGUAGE_STANDARD = "gnu++14";
				CLANG_CXX_LIBRARY = "libc++";
				CLANG_ENABLE_MODULES = YES;
				CLANG_ENABLE_OBJC_ARC = YES;
				CLANG_WARN_BLOCK_CAPTURE_AUTORELEASING = YES;
				CLANG_WARN_BOOL_CONVERSION = YES;
				CLANG_WARN_COMMA = YES;
				CLANG_WARN_CONSTANT_CONVERSION = YES;
				CLANG_WARN_DIRECT_OBJC_ISA_USAGE = YES_ERROR;
				CLANG_WARN_DOCUMENTATION_COMMENTS = YES;
				CLANG_WARN_EMPTY_BODY = YES;
				CLANG_WARN_ENUM_CONVERSION = YES;
				CLANG_WARN_INFINITE_RECURSION = YES;
				CLANG_WARN_INT_CONVERSION = YES;
				CLANG_WARN_NON_LITERAL_NULL_CONVERSION = YES;
				CLANG_WARN_OBJC_LITERAL_CONVERSION = YES;
				CLANG_WARN_OBJC_ROOT_CLASS = YES_ERROR;
				CLANG_WARN_RANGE_LOOP_ANALYSIS = YES;
				CLANG_WARN_STRICT_PROTOTYPES = YES;
				CLANG_WARN_SUSPICIOUS_MOVE = YES;
				CLANG_WARN_UNGUARDED_AVAILABILITY = YES_AGGRESSIVE;
				CLANG_WARN_UNREACHABLE_CODE = YES;
				CLANG_WARN__DUPLICATE_METHOD_MATCH = YES;
				CODE_SIGN_IDENTITY = "iPhone Developer";
				COPY_PHASE_STRIP = NO;
				DEBUG_INFORMATION_FORMAT = dwarf;
				ENABLE_STRICT_OBJC_MSGSEND = YES;
				ENABLE_TESTABILITY = YES;
				GCC_C_LANGUAGE_STANDARD = gnu11;
				GCC_DYNAMIC_NO_PIC = NO;
				GCC_NO_COMMON_BLOCKS = YES;
				GCC_OPTIMIZATION_LEVEL = 0;
				GCC_PREPROCESSOR_DEFINITIONS = (
					"DEBUG=1",
					"$(inherited)",
				);
				GCC_WARN_64_TO_32_BIT_CONVERSION = YES;
				GCC_WARN_ABOUT_RETURN_TYPE = YES_ERROR;
				GCC_WARN_UNDECLARED_SELECTOR = YES;
				GCC_WARN_UNINITIALIZED_AUTOS = YES_AGGRESSIVE;
				GCC_WARN_UNUSED_FUNCTION = YES;
				GCC_WARN_UNUSED_VARIABLE = YES;
				IPHONEOS_DEPLOYMENT_TARGET = 11.0;
				MTL_ENABLE_DEBUG_INFO = YES;
				ONLY_ACTIVE_ARCH = YES;
				SDKROOT = iphoneos;
				SWIFT_ACTIVE_COMPILATION_CONDITIONS = DEBUG;
				SWIFT_OPTIMIZATION_LEVEL = "-Onone";
			};
			name = Debug;
		};
		54B11A6F1FAB6BC9004E1EAF /* Release */ = {
			isa = XCBuildConfiguration;
			buildSettings = {
				ALWAYS_SEARCH_USER_PATHS = NO;
				CLANG_ANALYZER_NONNULL = YES;
				CLANG_ANALYZER_NUMBER_OBJECT_CONVERSION = YES_AGGRESSIVE;
				CLANG_CXX_LANGUAGE_STANDARD = "gnu++14";
				CLANG_CXX_LIBRARY = "libc++";
				CLANG_ENABLE_MODULES = YES;
				CLANG_ENABLE_OBJC_ARC = YES;
				CLANG_WARN_BLOCK_CAPTURE_AUTORELEASING = YES;
				CLANG_WARN_BOOL_CONVERSION = YES;
				CLANG_WARN_COMMA = YES;
				CLANG_WARN_CONSTANT_CONVERSION = YES;
				CLANG_WARN_DIRECT_OBJC_ISA_USAGE = YES_ERROR;
				CLANG_WARN_DOCUMENTATION_COMMENTS = YES;
				CLANG_WARN_EMPTY_BODY = YES;
				CLANG_WARN_ENUM_CONVERSION = YES;
				CLANG_WARN_INFINITE_RECURSION = YES;
				CLANG_WARN_INT_CONVERSION = YES;
				CLANG_WARN_NON_LITERAL_NULL_CONVERSION = YES;
				CLANG_WARN_OBJC_LITERAL_CONVERSION = YES;
				CLANG_WARN_OBJC_ROOT_CLASS = YES_ERROR;
				CLANG_WARN_RANGE_LOOP_ANALYSIS = YES;
				CLANG_WARN_STRICT_PROTOTYPES = YES;
				CLANG_WARN_SUSPICIOUS_MOVE = YES;
				CLANG_WARN_UNGUARDED_AVAILABILITY = YES_AGGRESSIVE;
				CLANG_WARN_UNREACHABLE_CODE = YES;
				CLANG_WARN__DUPLICATE_METHOD_MATCH = YES;
				CODE_SIGN_IDENTITY = "iPhone Developer";
				COPY_PHASE_STRIP = NO;
				DEBUG_INFORMATION_FORMAT = "dwarf-with-dsym";
				ENABLE_NS_ASSERTIONS = NO;
				ENABLE_STRICT_OBJC_MSGSEND = YES;
				GCC_C_LANGUAGE_STANDARD = gnu11;
				GCC_NO_COMMON_BLOCKS = YES;
				GCC_WARN_64_TO_32_BIT_CONVERSION = YES;
				GCC_WARN_ABOUT_RETURN_TYPE = YES_ERROR;
				GCC_WARN_UNDECLARED_SELECTOR = YES;
				GCC_WARN_UNINITIALIZED_AUTOS = YES_AGGRESSIVE;
				GCC_WARN_UNUSED_FUNCTION = YES;
				GCC_WARN_UNUSED_VARIABLE = YES;
				IPHONEOS_DEPLOYMENT_TARGET = 11.0;
				MTL_ENABLE_DEBUG_INFO = NO;
				SDKROOT = iphoneos;
				SWIFT_OPTIMIZATION_LEVEL = "-Owholemodule";
				VALIDATE_PRODUCT = YES;
			};
			name = Release;
		};
		54B11A711FAB6BC9004E1EAF /* Debug */ = {
			isa = XCBuildConfiguration;
			buildSettings = {
				ASSETCATALOG_COMPILER_APPICON_NAME = AppIcon;
				CODE_SIGN_STYLE = Automatic;
				INFOPLIST_FILE = "MidUnit2AssessmentReview-withMultipleMVC/Info.plist";
				LD_RUNPATH_SEARCH_PATHS = "$(inherited) @executable_path/Frameworks";
				PRODUCT_BUNDLE_IDENTIFIER = "c4q.MidUnit2AssessmentReview-withMultipleMVC";
				PRODUCT_NAME = "$(TARGET_NAME)";
				SWIFT_VERSION = 4.0;
				TARGETED_DEVICE_FAMILY = "1,2";
			};
			name = Debug;
		};
		54B11A721FAB6BC9004E1EAF /* Release */ = {
			isa = XCBuildConfiguration;
			buildSettings = {
				ASSETCATALOG_COMPILER_APPICON_NAME = AppIcon;
				CODE_SIGN_STYLE = Automatic;
				INFOPLIST_FILE = "MidUnit2AssessmentReview-withMultipleMVC/Info.plist";
				LD_RUNPATH_SEARCH_PATHS = "$(inherited) @executable_path/Frameworks";
				PRODUCT_BUNDLE_IDENTIFIER = "c4q.MidUnit2AssessmentReview-withMultipleMVC";
				PRODUCT_NAME = "$(TARGET_NAME)";
				SWIFT_VERSION = 4.0;
				TARGETED_DEVICE_FAMILY = "1,2";
			};
			name = Release;
		};
/* End XCBuildConfiguration section */

/* Begin XCConfigurationList section */
		54B11A591FAB6BC9004E1EAF /* Build configuration list for PBXProject "MidUnit2AssessmentReview-withMultipleMVC" */ = {
			isa = XCConfigurationList;
			buildConfigurations = (
				54B11A6E1FAB6BC9004E1EAF /* Debug */,
				54B11A6F1FAB6BC9004E1EAF /* Release */,
			);
			defaultConfigurationIsVisible = 0;
			defaultConfigurationName = Release;
		};
		54B11A701FAB6BC9004E1EAF /* Build configuration list for PBXNativeTarget "MidUnit2AssessmentReview-withMultipleMVC" */ = {
			isa = XCConfigurationList;
			buildConfigurations = (
				54B11A711FAB6BC9004E1EAF /* Debug */,
				54B11A721FAB6BC9004E1EAF /* Release */,
			);
			defaultConfigurationIsVisible = 0;
			defaultConfigurationName = Release;
		};
/* End XCConfigurationList section */
	};
	rootObject = 54B11A561FAB6BC9004E1EAF /* Project object */;
}
